github.com/Github-Reneon/dicetools v0.0.0-20241108121302-fc47cbfc2da0 h1:BXFLTBnDo6bYi5Frnf5w0/sCowkDsFf3ihLajGyQFOY=
github.com/Github-Reneon/dicetools v0.0.0-20241108121302-fc47cbfc2da0/go.mod h1:kdGF2a4TWlFLZgLIhlvCUuqvTuKb+zcwY33tZr67bRk=
github.com/Github-Reneon/dicetools v0.0.0-20241108122314-34b4cd3802de h1:gMKCSzoFADgEo1AvK6G+W/EZ5BN/x5NSOJvMvISX+4Y=
github.com/Github-Reneon/dicetools v0.0.0-20241108122314-34b4cd3802de/go.mod h1:kdGF2a4TWlFLZgLIhlvCUuqvTuKb+zcwY33tZr67bRk=
